Microsoft Visual Studio Solution File, Format Version 12.00
# Visual Studio Version 17
VisualStudioVersion = 17.0.31903.59
MinimumVisualStudioVersion = 10.0.40219.1
Project("{9A19103F-16F7-4668-BE54-9A1E7A4F7556}") = "TerminalHub.Core", "src\TerminalHub.Core\TerminalHub.Core.csproj", "{11111111-1111-1111-1111-111111111101}"
EndProject
Project("{9A19103F-16F7-4668-BE54-9A1E7A4F7556}") = "TerminalHub.Pty", "src\TerminalHub.Pty\TerminalHub.Pty.csproj", "{11111111-1111-1111-1111-111111111102}"
EndProject
Project("{9A19103F-16F7-4668-BE54-9A1E7A4F7556}") = "TerminalHub.App", "src\TerminalHub.App\TerminalHub.App.csproj", "{11111111-1111-1111-1111-111111111103}"
EndProject
Project("{9A19103F-16F7-4668-BE54-9A1E7A4F7556}") = "TerminalHub.Tests", "tests\TerminalHub.Tests\TerminalHub.Tests.csproj", "{11111111-1111-1111-1111-111111111104}"
EndProject
Project("{2150E333-8FDC-42A3-9474-1A3956D46DE8}") = "src", "src", "{EB70D584-42C4-40E9-BE17-FF38E770B9D3}"
EndProject
Project("{FAE04EC0-301F-11D3-BF4B-00C04F79EFBC}") = "TerminalHub.Extensibility", "src\TerminalHub.Extensibility\TerminalHub.Extensibility.csproj", "{E457732A-E272-4DB7-B9FE-E20606F40C41}"
EndProject
Global
	GlobalSection(SolutionConfigurationPlatforms) = preSolution
		Debug|Any CPU = Debug|Any CPU
		Release|Any CPU = Release|Any CPU
	EndGlobalSection
	GlobalSection(ProjectConfigurationPlatforms) = postSolution
		{11111111-1111-1111-1111-111111111101}.Debug|Any CPU.ActiveCfg = Debug|Any CPU
		{11111111-1111-1111-1111-111111111101}.Debug|Any CPU.Build.0 = Debug|Any CPU
		{11111111-1111-1111-1111-111111111101}.Release|Any CPU.ActiveCfg = Release|Any CPU
		{11111111-1111-1111-1111-111111111101}.Release|Any CPU.Build.0 = Release|Any CPU
		{11111111-1111-1111-1111-111111111102}.Debug|Any CPU.ActiveCfg = Debug|Any CPU
		{11111111-1111-1111-1111-111111111102}.Debug|Any CPU.Build.0 = Debug|Any CPU
		{11111111-1111-1111-1111-111111111102}.Release|Any CPU.ActiveCfg = Release|Any CPU
		{11111111-1111-1111-1111-111111111102}.Release|Any CPU.Build.0 = Release|Any CPU
		{11111111-1111-1111-1111-111111111103}.Debug|Any CPU.ActiveCfg = Debug|Any CPU
		{11111111-1111-1111-1111-111111111103}.Debug|Any CPU.Build.0 = Debug|Any CPU
		{11111111-1111-1111-1111-111111111103}.Release|Any CPU.ActiveCfg = Release|Any CPU
		{11111111-1111-1111-1111-111111111103}.Release|Any CPU.Build.0 = Release|Any CPU
		{11111111-1111-1111-1111-111111111104}.Debug|Any CPU.ActiveCfg = Debug|Any CPU
		{11111111-1111-1111-1111-111111111104}.Debug|Any CPU.Build.0 = Debug|Any CPU
		{11111111-1111-1111-1111-111111111104}.Release|Any CPU.ActiveCfg = Release|Any CPU
		{11111111-1111-1111-1111-111111111104}.Release|Any CPU.Build.0 = Release|Any CPU
		{E457732A-E272-4DB7-B9FE-E20606F40C41}.Debug|Any CPU.ActiveCfg = Debug|Any CPU
		{E457732A-E272-4DB7-B9FE-E20606F40C41}.Debug|Any CPU.Build.0 = Debug|Any CPU
		{E457732A-E272-4DB7-B9FE-E20606F40C41}.Release|Any CPU.ActiveCfg = Release|Any CPU
		{E457732A-E272-4DB7-B9FE-E20606F40C41}.Release|Any CPU.Build.0 = Release|Any CPU
	EndGlobalSection
	GlobalSection(NestedProjects) = preSolution
		{E457732A-E272-4DB7-B9FE-E20606F40C41} = {EB70D584-42C4-40E9-BE17-FF38E770B9D3}
	EndGlobalSection
EndGlobal
